
Microsoft Visual Studio Solution File, Format Version 12.00
# Visual Studio Version 16
VisualStudioVersion = 16.0.29111.141
MinimumVisualStudioVersion = 10.0.40219.1
Project("{9A19103F-16F7-4668-BE54-9A1E7A4F7556}") = "Sr.ToDo.WebApi", "Sr.ToDo.WebApi\Sr.ToDo.WebApi.csproj", "{896F339A-491D-42DA-ACE2-4805587D7588}"
EndProject
Project("{9A19103F-16F7-4668-BE54-9A1E7A4F7556}") = "Sr.ToDo.Core", "Sr.ToDo.Core\Sr.ToDo.Core.csproj", "{B1624B6D-1F4B-4FE1-B2DB-E6D81D7A6712}"
EndProject
Global
	GlobalSection(SolutionConfigurationPlatforms) = preSolution
		Debug|Any CPU = Debug|Any CPU
		Release|Any CPU = Release|Any CPU
	EndGlobalSection
	GlobalSection(ProjectConfigurationPlatforms) = postSolution
		{896F339A-491D-42DA-ACE2-4805587D7588}.Debug|Any CPU.ActiveCfg = Debug|Any CPU
		{896F339A-491D-42DA-ACE2-4805587D7588}.Debug|Any CPU.Build.0 = Debug|Any CPU
		{896F339A-491D-42DA-ACE2-4805587D7588}.Release|Any CPU.ActiveCfg = Release|Any CPU
		{896F339A-491D-42DA-ACE2-4805587D7588}.Release|Any CPU.Build.0 = Release|Any CPU
		{B1624B6D-1F4B-4FE1-B2DB-E6D81D7A6712}.Debug|Any CPU.ActiveCfg = Debug|Any CPU
		{B1624B6D-1F4B-4FE1-B2DB-E6D81D7A6712}.Debug|Any CPU.Build.0 = Debug|Any CPU
		{B1624B6D-1F4B-4FE1-B2DB-E6D81D7A6712}.Release|Any CPU.ActiveCfg = Release|Any CPU
		{B1624B6D-1F4B-4FE1-B2DB-E6D81D7A6712}.Release|Any CPU.Build.0 = Release|Any CPU
	EndGlobalSection
	GlobalSection(SolutionProperties) = preSolution
		HideSolutionNode = FALSE
	EndGlobalSection
	GlobalSection(ExtensibilityGlobals) = postSolution
		SolutionGuid = {BF38D8F8-03E6-4079-A7F1-E63DA40E4C84}
	EndGlobalSection
EndGlobal
